# This file is @generated by PDM.
# It is not intended for manual editing.

[metadata]
groups = ["default", "dev"]
strategy = ["cross_platform", "inherit_metadata"]
lock_version = "4.4.1"
content_hash = "sha256:61f1fadd838499a01437013154eb2ca9627930aa7802ab33959272f7327bbd38"

[[package]]
name = "anyio"
version = "4.3.0"
requires_python = ">=3.8"
summary = "High level compatibility layer for multiple asynchronous event loop implementations"
groups = ["default"]
dependencies = [
    "idna>=2.8",
    "sniffio>=1.1",
]
files = [
    {file = "anyio-4.3.0-py3-none-any.whl", hash = "sha256:048e05d0f6caeed70d731f3db756d35dcc1f35747c8c403364a8332c630441b8"},
    {file = "anyio-4.3.0.tar.gz", hash = "sha256:f75253795a87df48568485fd18cdd2a3fa5c4f7c5be8e5e36637733fce06fed6"},
]

[[package]]
name = "attrs"
version = "23.2.0"
requires_python = ">=3.7"
summary = "Classes Without Boilerplate"
groups = ["default"]
files = [
    {file = "attrs-23.2.0-py3-none-any.whl", hash = "sha256:99b87a485a5820b23b879f04c2305b44b951b502fd64be915879d77a7e8fc6f1"},
    {file = "attrs-23.2.0.tar.gz", hash = "sha256:935dc3b529c262f6cf76e50877d35a4bd3c1de194fd41f47a2b7ae8f19971f30"},
]

[[package]]
name = "babel"
version = "2.15.0"
requires_python = ">=3.8"
summary = "Internationalization utilities"
groups = ["default"]
files = [
    {file = "Babel-2.15.0-py3-none-any.whl", hash = "sha256:08706bdad8d0a3413266ab61bd6c34d0c28d6e1e7badf40a2cebe67644e2e1fb"},
    {file = "babel-2.15.0.tar.gz", hash = "sha256:8daf0e265d05768bc6c7a314cf1321e9a123afc328cc635c18622a2f30a04413"},
]

[[package]]
name = "certifi"
version = "2024.2.2"
requires_python = ">=3.6"
summary = "Python package for providing Mozilla's CA Bundle."
groups = ["default"]
files = [
    {file = "certifi-2024.2.2-py3-none-any.whl", hash = "sha256:dc383c07b76109f368f6106eee2b593b04a011ea4d55f652c6ca24a754d1cdd1"},
    {file = "certifi-2024.2.2.tar.gz", hash = "sha256:0569859f95fc761b18b45ef421b1290a0f65f147e92a1e5eb3e635f9a5e4e66f"},
]

[[package]]
name = "grpcio"
version = "1.64.0"
requires_python = ">=3.8"
summary = "HTTP/2-based RPC framework"
groups = ["default", "dev"]
files = [
    {file = "grpcio-1.64.0-cp311-cp311-linux_armv7l.whl", hash = "sha256:2a18090371d138a57714ee9bffd6c9c9cb2e02ce42c681aac093ae1e7189ed21"},
    {file = "grpcio-1.64.0-cp311-cp311-macosx_10_9_universal2.whl", hash = "sha256:59c68df3a934a586c3473d15956d23a618b8f05b5e7a3a904d40300e9c69cbf0"},
    {file = "grpcio-1.64.0-cp311-cp311-manylinux_2_17_aarch64.whl", hash = "sha256:b52e1ec7185512103dd47d41cf34ea78e7a7361ba460187ddd2416b480e0938c"},
    {file = "grpcio-1.64.0-cp311-cp311-manylinux_2_17_i686.manylinux2014_i686.whl", hash = "sha256:8d598b5d5e2c9115d7fb7e2cb5508d14286af506a75950762aa1372d60e41851"},
    {file = "grpcio-1.64.0-cp311-cp311-manylinux_2_17_x86_64.manylinux2014_x86_64.whl", hash = "sha256:01615bbcae6875eee8091e6b9414072f4e4b00d8b7e141f89635bdae7cf784e5"},
    {file = "grpcio-1.64.0-cp311-cp311-musllinux_1_1_i686.whl", hash = "sha256:0b2dfe6dcace264807d9123d483d4c43274e3f8c39f90ff51de538245d7a4145"},
    {file = "grpcio-1.64.0-cp311-cp311-musllinux_1_1_x86_64.whl", hash = "sha256:7f17572dc9acd5e6dfd3014d10c0b533e9f79cd9517fc10b0225746f4c24b58e"},
    {file = "grpcio-1.64.0-cp311-cp311-win32.whl", hash = "sha256:6ec5ed15b4ffe56e2c6bc76af45e6b591c9be0224b3fb090adfb205c9012367d"},
    {file = "grpcio-1.64.0-cp311-cp311-win_amd64.whl", hash = "sha256:597191370951b477b7a1441e1aaa5cacebeb46a3b0bd240ec3bb2f28298c7553"},
    {file = "grpcio-1.64.0.tar.gz", hash = "sha256:257baf07f53a571c215eebe9679c3058a313fd1d1f7c4eede5a8660108c52d9c"},
]

[[package]]
name = "grpcio-tools"
version = "1.64.0"
requires_python = ">=3.8"
summary = "Protobuf code generator for gRPC"
groups = ["dev"]
dependencies = [
    "grpcio>=1.64.0",
    "protobuf<6.0dev,>=5.26.1",
    "setuptools",
]
files = [
    {file = "grpcio_tools-1.64.0-cp311-cp311-linux_armv7l.whl", hash = "sha256:ff57dd9c87da6995039e04f76a6791ae46fec94d7531fe1403fd94a0e3d80cdd"},
    {file = "grpcio_tools-1.64.0-cp311-cp311-macosx_10_9_universal2.whl", hash = "sha256:8be1f77c8dab0412eb6cc596abac985cdf1c42608c921966cbb84d6d66f31b2c"},
    {file = "grpcio_tools-1.64.0-cp311-cp311-manylinux_2_17_aarch64.whl", hash = "sha256:de5e1e7d4deaebfe16ea0c734bc933ddbdcacd04b980ab44e881c8ad3e88670a"},
    {file = "grpcio_tools-1.64.0-cp311-cp311-manylinux_2_17_i686.manylinux2014_i686.whl", hash = "sha256:d0118866227874203a2cd27ca9cf8d62cddf703449f009b548b9fee83594d12b"},
    {file = "grpcio_tools-1.64.0-cp311-cp311-manylinux_2_17_x86_64.manylinux2014_x86_64.whl", hash = "sha256:2aa82c4af0bac8940e429bf6bd4c029994ab85a963ddf62c0072116588fcf75b"},
    {file = "grpcio_tools-1.64.0-cp311-cp311-musllinux_1_1_i686.whl", hash = "sha256:691369981d2f680bbf754ebde29a4fa630795543c565919558c178671d7e2a11"},
    {file = "grpcio_tools-1.64.0-cp311-cp311-musllinux_1_1_x86_64.whl", hash = "sha256:99ab2be15a8027cb3c65e957c2f8bb7e596af954f399c4b1d257b34996860b36"},
    {file = "grpcio_tools-1.64.0-cp311-cp311-win32.whl", hash = "sha256:f0e694b9f427e437bf60e1138d0ca9a7bee5b0ce1a6d70b1e1c3b99720692d4d"},
    {file = "grpcio_tools-1.64.0-cp311-cp311-win_amd64.whl", hash = "sha256:087da41ee5f4cf8f0bed419d5ac59e06f07ff1109662724112bf3105fa168eb2"},
    {file = "grpcio_tools-1.64.0.tar.gz", hash = "sha256:fa4c47897a0ddb78204456d002923294724e1b7fc87f0745528727383c2260ad"},
]

[[package]]
name = "h11"
version = "0.14.0"
requires_python = ">=3.7"
summary = "A pure-Python, bring-your-own-I/O implementation of HTTP/1.1"
groups = ["default"]
files = [
    {file = "h11-0.14.0-py3-none-any.whl", hash = "sha256:e3fe4ac4b851c468cc8363d500db52c2ead036020723024a109d37346efaa761"},
    {file = "h11-0.14.0.tar.gz", hash = "sha256:8f19fbbe99e72420ff35c00b27a34cb9937e902a8b810e2c88300c6f0a3b699d"},
]

[[package]]
name = "httpcore"
version = "1.0.5"
requires_python = ">=3.8"
summary = "A minimal low-level HTTP client."
groups = ["default"]
dependencies = [
    "certifi",
    "h11<0.15,>=0.13",
]
files = [
    {file = "httpcore-1.0.5-py3-none-any.whl", hash = "sha256:421f18bac248b25d310f3cacd198d55b8e6125c107797b609ff9b7a6ba7991b5"},
    {file = "httpcore-1.0.5.tar.gz", hash = "sha256:34a38e2f9291467ee3b44e89dd52615370e152954ba21721378a87b2960f7a61"},
]

[[package]]
name = "httpx"
version = "0.27.0"
requires_python = ">=3.8"
summary = "The next generation HTTP client."
groups = ["default"]
dependencies = [
    "anyio",
    "certifi",
    "httpcore==1.*",
    "idna",
    "sniffio",
]
files = [
    {file = "httpx-0.27.0-py3-none-any.whl", hash = "sha256:71d5465162c13681bff01ad59b2cc68dd838ea1f10e51574bac27103f00c91a5"},
    {file = "httpx-0.27.0.tar.gz", hash = "sha256:a0cb88a46f32dc874e04ee956e4c2764aba2aa228f650b06788ba6bda2962ab5"},
]

[[package]]
name = "idna"
version = "3.7"
requires_python = ">=3.5"
summary = "Internationalized Domain Names in Applications (IDNA)"
groups = ["default"]
files = [
    {file = "idna-3.7-py3-none-any.whl", hash = "sha256:82fee1fc78add43492d3a1898bfa6d8a904cc97d8427f683ed8e798d07761aa0"},
    {file = "idna-3.7.tar.gz", hash = "sha256:028ff3aadf0609c1fd278d8ea3089299412a7a8b9bd005dd08b9f8285bcb5cfc"},
]

[[package]]
name = "ijson"
version = "3.3.0"
summary = "Iterative JSON parser with standard Python iterator interfaces"
groups = ["default"]
files = [
    {file = "ijson-3.3.0-cp311-cp311-macosx_10_9_universal2.whl", hash = "sha256:501dce8eaa537e728aa35810656aa00460a2547dcb60937c8139f36ec344d7fc"},
    {file = "ijson-3.3.0-cp311-cp311-macosx_10_9_x86_64.whl", hash = "sha256:658ba9cad0374d37b38c9893f4864f284cdcc7d32041f9808fba8c7bcaadf134"},
    {file = "ijson-3.3.0-cp311-cp311-macosx_11_0_arm64.whl", hash = "sha256:2636cb8c0f1023ef16173f4b9a233bcdb1df11c400c603d5f299fac143ca8d70"},
    {file = "ijson-3.3.0-cp311-cp311-manylinux_2_17_aarch64.manylinux2014_aarch64.whl", hash = "sha256:cd174b90db68c3bcca273e9391934a25d76929d727dc75224bf244446b28b03b"},
    {file = "ijson-3.3.0-cp311-cp311-manylinux_2_17_i686.manylinux2014_i686.whl", hash = "sha256:97a9aea46e2a8371c4cf5386d881de833ed782901ac9f67ebcb63bb3b7d115af"},
    {file = "ijson-3.3.0-cp311-cp311-manylinux_2_17_x86_64.manylinux2014_x86_64.whl", hash = "sha256:c594c0abe69d9d6099f4ece17763d53072f65ba60b372d8ba6de8695ce6ee39e"},
    {file = "ijson-3.3.0-cp311-cp311-musllinux_1_2_aarch64.whl", hash = "sha256:8e0ff16c224d9bfe4e9e6bd0395826096cda4a3ef51e6c301e1b61007ee2bd24"},
    {file = "ijson-3.3.0-cp311-cp311-musllinux_1_2_i686.whl", hash = "sha256:0015354011303175eae7e2ef5136414e91de2298e5a2e9580ed100b728c07e51"},
    {file = "ijson-3.3.0-cp311-cp311-musllinux_1_2_x86_64.whl", hash = "sha256:034642558afa57351a0ffe6de89e63907c4cf6849070cc10a3b2542dccda1afe"},
    {file = "ijson-3.3.0-cp311-cp311-win32.whl", hash = "sha256:192e4b65495978b0bce0c78e859d14772e841724d3269fc1667dc6d2f53cc0ea"},
    {file = "ijson-3.3.0-cp311-cp311-win_amd64.whl", hash = "sha256:72e3488453754bdb45c878e31ce557ea87e1eb0f8b4fc610373da35e8074ce42"},
    {file = "ijson-3.3.0-pp310-pypy310_pp73-macosx_10_9_x86_64.whl", hash = "sha256:2af323a8aec8a50fa9effa6d640691a30a9f8c4925bd5364a1ca97f1ac6b9b5c"},
    {file = "ijson-3.3.0-pp310-pypy310_pp73-manylinux_2_17_aarch64.manylinux2014_aarch64.whl", hash = "sha256:f64f01795119880023ba3ce43072283a393f0b90f52b66cc0ea1a89aa64a9ccb"},
    {file = "ijson-3.3.0-pp310-pypy310_pp73-manylinux_2_17_i686.manylinux2014_i686.whl", hash = "sha256:a716e05547a39b788deaf22725490855337fc36613288aa8ae1601dc8c525553"},
    {file = "ijson-3.3.0-pp310-pypy310_pp73-manylinux_2_17_x86_64.manylinux2014_x86_64.whl", hash = "sha256:473f5d921fadc135d1ad698e2697025045cd8ed7e5e842258295012d8a3bc702"},
    {file = "ijson-3.3.0-pp310-pypy310_pp73-win_amd64.whl", hash = "sha256:dd26b396bc3a1e85f4acebeadbf627fa6117b97f4c10b177d5779577c6607744"},
    {file = "ijson-3.3.0-pp37-pypy37_pp73-macosx_10_9_x86_64.whl", hash = "sha256:25fd49031cdf5fd5f1fd21cb45259a64dad30b67e64f745cc8926af1c8c243d3"},
    {file = "ijson-3.3.0-pp37-pypy37_pp73-manylinux_2_17_aarch64.manylinux2014_aarch64.whl", hash = "sha256:4b72178b1e565d06ab19319965022b36ef41bcea7ea153b32ec31194bec032a2"},
    {file = "ijson-3.3.0-pp37-pypy37_pp73-manylinux_2_17_i686.manylinux2014_i686.whl", hash = "sha256:7d0b6b637d05dbdb29d0bfac2ed8425bb369e7af5271b0cc7cf8b801cb7360c2"},
    {file = "ijson-3.3.0-pp37-pypy37_pp73-manylinux_2_17_x86_64.manylinux2014_x86_64.whl", hash = "sha256:5378d0baa59ae422905c5f182ea0fd74fe7e52a23e3821067a7d58c8306b2191"},
    {file = "ijson-3.3.0-pp37-pypy37_pp73-win_amd64.whl", hash = "sha256:99f5c8ab048ee4233cc4f2b461b205cbe01194f6201018174ac269bf09995749"},
    {file = "ijson-3.3.0-pp38-pypy38_pp73-macosx_10_9_x86_64.whl", hash = "sha256:45ff05de889f3dc3d37a59d02096948ce470699f2368b32113954818b21aa74a"},
    {file = "ijson-3.3.0-pp38-pypy38_pp73-manylinux_2_17_aarch64.manylinux2014_aarch64.whl", hash = "sha256:1efb521090dd6cefa7aafd120581947b29af1713c902ff54336b7c7130f04c47"},
    {file = "ijson-3.3.0-pp38-pypy38_pp73-manylinux_2_17_i686.manylinux2014_i686.whl", hash = "sha256:87c727691858fd3a1c085d9980d12395517fcbbf02c69fbb22dede8ee03422da"},
    {file = "ijson-3.3.0-pp38-pypy38_pp73-manylinux_2_17_x86_64.manylinux2014_x86_64.whl", hash = "sha256:0420c24e50389bc251b43c8ed379ab3e3ba065ac8262d98beb6735ab14844460"},
    {file = "ijson-3.3.0-pp38-pypy38_pp73-win_amd64.whl", hash = "sha256:8fdf3721a2aa7d96577970f5604bd81f426969c1822d467f07b3d844fa2fecc7"},
    {file = "ijson-3.3.0-pp39-pypy39_pp73-macosx_10_9_x86_64.whl", hash = "sha256:891f95c036df1bc95309951940f8eea8537f102fa65715cdc5aae20b8523813b"},
    {file = "ijson-3.3.0-pp39-pypy39_pp73-manylinux_2_17_aarch64.manylinux2014_aarch64.whl", hash = "sha256:ed1336a2a6e5c427f419da0154e775834abcbc8ddd703004108121c6dd9eba9d"},
    {file = "ijson-3.3.0-pp39-pypy39_pp73-manylinux_2_17_i686.manylinux2014_i686.whl", hash = "sha256:f0c819f83e4f7b7f7463b2dc10d626a8be0c85fbc7b3db0edc098c2b16ac968e"},
    {file = "ijson-3.3.0-pp39-pypy39_pp73-manylinux_2_17_x86_64.manylinux2014_x86_64.whl", hash = "sha256:33afc25057377a6a43c892de34d229a86f89ea6c4ca3dd3db0dcd17becae0dbb"},
    {file = "ijson-3.3.0-pp39-pypy39_pp73-win_amd64.whl", hash = "sha256:7914d0cf083471856e9bc2001102a20f08e82311dfc8cf1a91aa422f9414a0d6"},
    {file = "ijson-3.3.0.tar.gz", hash = "sha256:7f172e6ba1bee0d4c8f8ebd639577bfe429dee0f3f96775a067b8bae4492d8a0"},
]

[[package]]
name = "openai-python-client"
version = "0.2.3"
requires_python = ">=3.11"
summary = "A pure-python implementation built from OpenAPI-Python-Client Generator https://github.com/openapi-generators/openapi-python-client and OpenAI's published OpenAPI spec https://github.com/openai/openai-openapi"
groups = ["default"]
dependencies = [
    "attrs>=23.2.0",
    "httpx>=0.27.0",
    "python-dateutil>=2.9.0.post0",
]
files = [
    {file = "OpenAI_Python_Client-0.2.3-py3-none-any.whl", hash = "sha256:341cce11044a53fa95df10d0e33f0701bbfbdc9946a3028cc96465c76d80d056"},
    {file = "openai_python_client-0.2.3.tar.gz", hash = "sha256:af569f3dfdd4dc0708b4d7d1a2cc9eed444a33e44a0767f8e9bb37fbfbf7fb7e"},
]

[[package]]
name = "protobuf"
version = "5.27.0"
requires_python = ">=3.8"
summary = ""
groups = ["default", "dev"]
files = [
    {file = "protobuf-5.27.0-cp310-abi3-win32.whl", hash = "sha256:2f83bf341d925650d550b8932b71763321d782529ac0eaf278f5242f513cc04e"},
    {file = "protobuf-5.27.0-cp310-abi3-win_amd64.whl", hash = "sha256:b276e3f477ea1eebff3c2e1515136cfcff5ac14519c45f9b4aa2f6a87ea627c4"},
    {file = "protobuf-5.27.0-cp38-abi3-macosx_10_9_universal2.whl", hash = "sha256:744489f77c29174328d32f8921566fb0f7080a2f064c5137b9d6f4b790f9e0c1"},
    {file = "protobuf-5.27.0-cp38-abi3-manylinux2014_aarch64.whl", hash = "sha256:f51f33d305e18646f03acfdb343aac15b8115235af98bc9f844bf9446573827b"},
    {file = "protobuf-5.27.0-cp38-abi3-manylinux2014_x86_64.whl", hash = "sha256:56937f97ae0dcf4e220ff2abb1456c51a334144c9960b23597f044ce99c29c89"},
    {file = "protobuf-5.27.0-py3-none-any.whl", hash = "sha256:673ad60f1536b394b4fa0bcd3146a4130fcad85bfe3b60eaa86d6a0ace0fa374"},
    {file = "protobuf-5.27.0.tar.gz", hash = "sha256:07f2b9a15255e3cf3f137d884af7972407b556a7a220912b252f26dc3121e6bf"},
]

[[package]]
name = "python-dateutil"
version = "2.9.0.post0"
requires_python = "!=3.0.*,!=3.1.*,!=3.2.*,>=2.7"
summary = "Extensions to the standard Python datetime module"
groups = ["default"]
dependencies = [
    "six>=1.5",
]
files = [
    {file = "python-dateutil-2.9.0.post0.tar.gz", hash = "sha256:37dd54208da7e1cd875388217d5e00ebd4179249f90fb72437e91a35459a0ad3"},
    {file = "python_dateutil-2.9.0.post0-py2.py3-none-any.whl", hash = "sha256:a8b2bc7bffae282281c8140a97d3aa9c14da0b136dfe83f850eea9a5f7470427"},
]

[[package]]
name = "setuptools"
version = "70.0.0"
requires_python = ">=3.8"
summary = "Easily download, build, install, upgrade, and uninstall Python packages"
groups = ["dev"]
files = [
    {file = "setuptools-70.0.0-py3-none-any.whl", hash = "sha256:54faa7f2e8d2d11bcd2c07bed282eef1046b5c080d1c32add737d7b5817b1ad4"},
    {file = "setuptools-70.0.0.tar.gz", hash = "sha256:f211a66637b8fa059bb28183da127d4e86396c991a942b028c6650d4319c3fd0"},
]

[[package]]
name = "six"
version = "1.16.0"
requires_python = ">=2.7, !=3.0.*, !=3.1.*, !=3.2.*"
summary = "Python 2 and 3 compatibility utilities"
groups = ["default"]
files = [
    {file = "six-1.16.0-py2.py3-none-any.whl", hash = "sha256:8abb2f1d86890a2dfb989f9a77cfcfd3e47c2a354b01111771326f8aa26e0254"},
    {file = "six-1.16.0.tar.gz", hash = "sha256:1e61c37477a1626458e36f7b1d82aa5c9b094fa4802892072e49de9c60c4c926"},
]

[[package]]
name = "sniffio"
version = "1.3.1"
requires_python = ">=3.7"
summary = "Sniff out which async library your code is running under"
groups = ["default"]
files = [
    {file = "sniffio-1.3.1-py3-none-any.whl", hash = "sha256:2f6da418d1f1e0fddd844478f41680e794e6051915791a034ff65e5f100525a2"},
    {file = "sniffio-1.3.1.tar.gz", hash = "sha256:f4324edc670a0f49750a81b895f35c3adb843cca46f0530f79fc1babb23789dc"},
]
